Microsoft Visual Studio Solution File, Format Version 12.00
# Visual Studio Version 17
VisualStudioVersion = 17.5.2.0
MinimumVisualStudioVersion = 10.0.40219.1
Project("{2150E333-8FDC-42A3-9474-1A3956D46DE8}") = "server", "server", "{DAD03CFC-D5FA-AC94-41C7-9ABAB326F09E}"
EndProject
Project("{FAE04EC0-301F-11D3-BF4B-00C04F79EFBC}") = "Scoreboard.Api", "server\Scoreboard.Api\Scoreboard.Api.csproj", "{FC86755B-21B6-44E1-8683-2D214AC08A57}"
EndProject
Global
	GlobalSection(SolutionConfigurationPlatforms) = preSolution
		Debug|Any CPU = Debug|Any CPU
		Release|Any CPU = Release|Any CPU
	EndGlobalSection
	GlobalSection(ProjectConfigurationPlatforms) = postSolution
		{FC86755B-21B6-44E1-8683-2D214AC08A57}.Debug|Any CPU.ActiveCfg = Debug|Any CPU
		{FC86755B-21B6-44E1-8683-2D214AC08A57}.Debug|Any CPU.Build.0 = Debug|Any CPU
		{FC86755B-21B6-44E1-8683-2D214AC08A57}.Release|Any CPU.ActiveCfg = Release|Any CPU
		{FC86755B-21B6-44E1-8683-2D214AC08A57}.Release|Any CPU.Build.0 = Release|Any CPU
	EndGlobalSection
	GlobalSection(SolutionProperties) = preSolution
		HideSolutionNode = FALSE
	EndGlobalSection
	GlobalSection(NestedProjects) = preSolution
		{FC86755B-21B6-44E1-8683-2D214AC08A57} = {DAD03CFC-D5FA-AC94-41C7-9ABAB326F09E}
	EndGlobalSection
	GlobalSection(ExtensibilityGlobals) = postSolution
		SolutionGuid = {8664211A-D051-4431-87D3-EB887E4C9DF8}
	EndGlobalSection
EndGlobal
